
Microsoft Visual Studio Solution File, Format Version 12.00
Project("{2150E333-8FDC-42A3-9474-1A3956D46DE8}") = "Nugets", "Nugets", "{51FBE515-1E65-4420-B299-B8BF74A95502}"
EndProject
Project("{2150E333-8FDC-42A3-9474-1A3956D46DE8}") = "Core", "Core", "{12804313-C071-4387-9D75-5761A67A4511}"
EndProject
Project("{FAE04EC0-301F-11D3-BF4B-00C04F79EFBC}") = "Equinox.Cache", "Equinox.Cache\Equinox.Cache.csproj", "{686A4139-DE01-4389-BBE0-17C9FCDD4471}"
EndProject
Project("{FAE04EC0-301F-11D3-BF4B-00C04F79EFBC}") = "Equinox.Ioc", "Equinox.Ioc\Equinox.Ioc.csproj", "{BB9677E1-3951-442E-BB54-FB961ACC8E98}"
EndProject
Project("{FAE04EC0-301F-11D3-BF4B-00C04F79EFBC}") = "Equinox.Domain", "Equinox.Domain\Equinox.Domain.csproj", "{345FAFC5-17CB-4595-9832-2EA4EFC8B00E}"
EndProject
Project("{FAE04EC0-301F-11D3-BF4B-00C04F79EFBC}") = "AWS.Equinox.ApiClient", "AWS.Equinox.ApiClient\AWS.Equinox.ApiClient.csproj", "{3628C686-B0CB-4797-88F9-DDAF053A1F80}"
EndProject
Project("{FAE04EC0-301F-11D3-BF4B-00C04F79EFBC}") = "AWS.Equinox.Infastracture", "AWS.Equinox.Infastracture\AWS.Equinox.Infastracture.csproj", "{E99F079D-EB5B-4688-B438-7684F430E203}"
EndProject
Project("{2150E333-8FDC-42A3-9474-1A3956D46DE8}") = "Backends", "Backends", "{BB1024E4-B6AE-468A-9633-D61BB3A83DC5}"
EndProject
Project("{FAE04EC0-301F-11D3-BF4B-00C04F79EFBC}") = "AWS.Equinox.Gateways.GraphQL", "AWS.Equinox.Gateways.GraphQL\AWS.Equinox.Gateways.GraphQL.csproj", "{847BF438-F3FE-4125-8D59-867F22F231E2}"
EndProject
Project("{FAE04EC0-301F-11D3-BF4B-00C04F79EFBC}") = "AWS.Equinox.CrossCutting", "AWS.Equinox.CrossCutting\AWS.Equinox.CrossCutting.csproj", "{304EA353-92D4-4EF0-A68C-A62AF1DCFA95}"
EndProject
Project("{2150E333-8FDC-42A3-9474-1A3956D46DE8}") = "CrossCuttings", "CrossCuttings", "{AA4AE64C-304C-4600-A94E-5BE16239C6C2}"
EndProject
Project("{2150E333-8FDC-42A3-9474-1A3956D46DE8}") = "Services", "Services", "{98828496-3A3F-4DA6-A152-5361125C8B90}"
EndProject
Project("{FAE04EC0-301F-11D3-BF4B-00C04F79EFBC}") = "AWS.Equinox.BackgroundServer", "AWS.Equinox.BackgroundServer\AWS.Equinox.BackgroundServer.csproj", "{CF017FB7-CF9A-458F-A0BD-9279329D358A}"
EndProject
Project("{2150E333-8FDC-42A3-9474-1A3956D46DE8}") = "Api", "Api", "{70504BDA-9E0E-4E13-A473-9BC02A72ABE4}"
EndProject
Project("{2150E333-8FDC-42A3-9474-1A3956D46DE8}") = "Infastracture", "Infastracture", "{DDA65722-9DA8-42C8-AF9D-1483698D3686}"
EndProject
Project("{FAE04EC0-301F-11D3-BF4B-00C04F79EFBC}") = "AWS.Equinox.Application", "AWS.Equinox.Application\AWS.Equinox.Application.csproj", "{9B11017C-8780-4ABA-ADF4-B881F3171273}"
EndProject
Project("{FAE04EC0-301F-11D3-BF4B-00C04F79EFBC}") = "AWS.Equinox.Persistence", "AWS.Equinox.Persistence\AWS.Equinox.Persistence.csproj", "{C39E3D0B-040C-43C5-A95A-687E27CC5FDB}"
EndProject
Project("{2150E333-8FDC-42A3-9474-1A3956D46DE8}") = "Console", "Console", "{9836F010-EF5B-4619-B2FA-DB0D19915B68}"
EndProject
Project("{FAE04EC0-301F-11D3-BF4B-00C04F79EFBC}") = "AWS.Equinox.Console", "AWS.Equinox.Console\AWS.Equinox.Console.csproj", "{17513A3B-DAB4-451A-AB8C-1A9C4E45026A}"
EndProject
Global
	GlobalSection(SolutionConfigurationPlatforms) = preSolution
		Debug|Any CPU = Debug|Any CPU
		Release|Any CPU = Release|Any CPU
	EndGlobalSection
	GlobalSection(ProjectConfigurationPlatforms) = postSolution
		{686A4139-DE01-4389-BBE0-17C9FCDD4471}.Debug|Any CPU.ActiveCfg = Debug|Any CPU
		{686A4139-DE01-4389-BBE0-17C9FCDD4471}.Debug|Any CPU.Build.0 = Debug|Any CPU
		{686A4139-DE01-4389-BBE0-17C9FCDD4471}.Release|Any CPU.ActiveCfg = Release|Any CPU
		{686A4139-DE01-4389-BBE0-17C9FCDD4471}.Release|Any CPU.Build.0 = Release|Any CPU
		{BB9677E1-3951-442E-BB54-FB961ACC8E98}.Debug|Any CPU.ActiveCfg = Debug|Any CPU
		{BB9677E1-3951-442E-BB54-FB961ACC8E98}.Debug|Any CPU.Build.0 = Debug|Any CPU
		{BB9677E1-3951-442E-BB54-FB961ACC8E98}.Release|Any CPU.ActiveCfg = Release|Any CPU
		{BB9677E1-3951-442E-BB54-FB961ACC8E98}.Release|Any CPU.Build.0 = Release|Any CPU
		{345FAFC5-17CB-4595-9832-2EA4EFC8B00E}.Debug|Any CPU.ActiveCfg = Debug|Any CPU
		{345FAFC5-17CB-4595-9832-2EA4EFC8B00E}.Debug|Any CPU.Build.0 = Debug|Any CPU
		{345FAFC5-17CB-4595-9832-2EA4EFC8B00E}.Release|Any CPU.ActiveCfg = Release|Any CPU
		{345FAFC5-17CB-4595-9832-2EA4EFC8B00E}.Release|Any CPU.Build.0 = Release|Any CPU
		{3628C686-B0CB-4797-88F9-DDAF053A1F80}.Debug|Any CPU.ActiveCfg = Debug|Any CPU
		{3628C686-B0CB-4797-88F9-DDAF053A1F80}.Debug|Any CPU.Build.0 = Debug|Any CPU
		{3628C686-B0CB-4797-88F9-DDAF053A1F80}.Release|Any CPU.ActiveCfg = Release|Any CPU
		{3628C686-B0CB-4797-88F9-DDAF053A1F80}.Release|Any CPU.Build.0 = Release|Any CPU
		{E99F079D-EB5B-4688-B438-7684F430E203}.Debug|Any CPU.ActiveCfg = Debug|Any CPU
		{E99F079D-EB5B-4688-B438-7684F430E203}.Debug|Any CPU.Build.0 = Debug|Any CPU
		{E99F079D-EB5B-4688-B438-7684F430E203}.Release|Any CPU.ActiveCfg = Release|Any CPU
		{E99F079D-EB5B-4688-B438-7684F430E203}.Release|Any CPU.Build.0 = Release|Any CPU
		{847BF438-F3FE-4125-8D59-867F22F231E2}.Debug|Any CPU.ActiveCfg = Debug|Any CPU
		{847BF438-F3FE-4125-8D59-867F22F231E2}.Debug|Any CPU.Build.0 = Debug|Any CPU
		{847BF438-F3FE-4125-8D59-867F22F231E2}.Release|Any CPU.ActiveCfg = Release|Any CPU
		{847BF438-F3FE-4125-8D59-867F22F231E2}.Release|Any CPU.Build.0 = Release|Any CPU
		{304EA353-92D4-4EF0-A68C-A62AF1DCFA95}.Debug|Any CPU.ActiveCfg = Debug|Any CPU
		{304EA353-92D4-4EF0-A68C-A62AF1DCFA95}.Debug|Any CPU.Build.0 = Debug|Any CPU
		{304EA353-92D4-4EF0-A68C-A62AF1DCFA95}.Release|Any CPU.ActiveCfg = Release|Any CPU
		{304EA353-92D4-4EF0-A68C-A62AF1DCFA95}.Release|Any CPU.Build.0 = Release|Any CPU
		{CF017FB7-CF9A-458F-A0BD-9279329D358A}.Debug|Any CPU.ActiveCfg = Debug|Any CPU
		{CF017FB7-CF9A-458F-A0BD-9279329D358A}.Debug|Any CPU.Build.0 = Debug|Any CPU
		{CF017FB7-CF9A-458F-A0BD-9279329D358A}.Release|Any CPU.ActiveCfg = Release|Any CPU
		{CF017FB7-CF9A-458F-A0BD-9279329D358A}.Release|Any CPU.Build.0 = Release|Any CPU
		{9B11017C-8780-4ABA-ADF4-B881F3171273}.Debug|Any CPU.ActiveCfg = Debug|Any CPU
		{9B11017C-8780-4ABA-ADF4-B881F3171273}.Debug|Any CPU.Build.0 = Debug|Any CPU
		{9B11017C-8780-4ABA-ADF4-B881F3171273}.Release|Any CPU.ActiveCfg = Release|Any CPU
		{9B11017C-8780-4ABA-ADF4-B881F3171273}.Release|Any CPU.Build.0 = Release|Any CPU
		{C39E3D0B-040C-43C5-A95A-687E27CC5FDB}.Debug|Any CPU.ActiveCfg = Debug|Any CPU
		{C39E3D0B-040C-43C5-A95A-687E27CC5FDB}.Debug|Any CPU.Build.0 = Debug|Any CPU
		{C39E3D0B-040C-43C5-A95A-687E27CC5FDB}.Release|Any CPU.ActiveCfg = Release|Any CPU
		{C39E3D0B-040C-43C5-A95A-687E27CC5FDB}.Release|Any CPU.Build.0 = Release|Any CPU
		{17513A3B-DAB4-451A-AB8C-1A9C4E45026A}.Debug|Any CPU.ActiveCfg = Debug|Any CPU
		{17513A3B-DAB4-451A-AB8C-1A9C4E45026A}.Debug|Any CPU.Build.0 = Debug|Any CPU
		{17513A3B-DAB4-451A-AB8C-1A9C4E45026A}.Release|Any CPU.ActiveCfg = Release|Any CPU
		{17513A3B-DAB4-451A-AB8C-1A9C4E45026A}.Release|Any CPU.Build.0 = Release|Any CPU
	EndGlobalSection
	GlobalSection(NestedProjects) = preSolution
		{686A4139-DE01-4389-BBE0-17C9FCDD4471} = {51FBE515-1E65-4420-B299-B8BF74A95502}
		{BB9677E1-3951-442E-BB54-FB961ACC8E98} = {51FBE515-1E65-4420-B299-B8BF74A95502}
		{345FAFC5-17CB-4595-9832-2EA4EFC8B00E} = {51FBE515-1E65-4420-B299-B8BF74A95502}
		{304EA353-92D4-4EF0-A68C-A62AF1DCFA95} = {AA4AE64C-304C-4600-A94E-5BE16239C6C2}
		{98828496-3A3F-4DA6-A152-5361125C8B90} = {BB1024E4-B6AE-468A-9633-D61BB3A83DC5}
		{CF017FB7-CF9A-458F-A0BD-9279329D358A} = {98828496-3A3F-4DA6-A152-5361125C8B90}
		{70504BDA-9E0E-4E13-A473-9BC02A72ABE4} = {BB1024E4-B6AE-468A-9633-D61BB3A83DC5}
		{3628C686-B0CB-4797-88F9-DDAF053A1F80} = {70504BDA-9E0E-4E13-A473-9BC02A72ABE4}
		{847BF438-F3FE-4125-8D59-867F22F231E2} = {70504BDA-9E0E-4E13-A473-9BC02A72ABE4}
		{E99F079D-EB5B-4688-B438-7684F430E203} = {DDA65722-9DA8-42C8-AF9D-1483698D3686}
		{9B11017C-8780-4ABA-ADF4-B881F3171273} = {12804313-C071-4387-9D75-5761A67A4511}
		{C39E3D0B-040C-43C5-A95A-687E27CC5FDB} = {DDA65722-9DA8-42C8-AF9D-1483698D3686}
		{17513A3B-DAB4-451A-AB8C-1A9C4E45026A} = {9836F010-EF5B-4619-B2FA-DB0D19915B68}
	EndGlobalSection
EndGlobal
