
Microsoft Visual Studio Solution File, Format Version 12.00
Project("{2150E333-8FDC-42A3-9474-1A3956D46DE8}") = "Nugets", "Nugets", "{51FBE515-1E65-4420-B299-B8BF74A95502}"
EndProject
Project("{2150E333-8FDC-42A3-9474-1A3956D46DE8}") = "Client", "Client", "{12804313-C071-4387-9D75-5761A67A4511}"
EndProject
Project("{2150E333-8FDC-42A3-9474-1A3956D46DE8}") = "Api", "Api", "{3C854B37-CBFE-4457-9288-AE4D4D87C15D}"
EndProject
Project("{FAE04EC0-301F-11D3-BF4B-00C04F79EFBC}") = "Equinox.Cache", "Equinox.Cache\Equinox.Cache.csproj", "{686A4139-DE01-4389-BBE0-17C9FCDD4471}"
EndProject
Project("{FAE04EC0-301F-11D3-BF4B-00C04F79EFBC}") = "Equinox.Ioc", "Equinox.Ioc\Equinox.Ioc.csproj", "{BB9677E1-3951-442E-BB54-FB961ACC8E98}"
EndProject
Project("{FAE04EC0-301F-11D3-BF4B-00C04F79EFBC}") = "Equinox.Domain", "Equinox.Domain\Equinox.Domain.csproj", "{345FAFC5-17CB-4595-9832-2EA4EFC8B00E}"
EndProject
Project("{FAE04EC0-301F-11D3-BF4B-00C04F79EFBC}") = "AWS.Equinox.ApiClient", "AWS.Equinox.ApiClient\AWS.Equinox.ApiClient.csproj", "{3628C686-B0CB-4797-88F9-DDAF053A1F80}"
EndProject
Project("{FAE04EC0-301F-11D3-BF4B-00C04F79EFBC}") = "AWS.Equinox.Infastracture", "AWS.Equinox.Infastracture\AWS.Equinox.Infastracture.csproj", "{E99F079D-EB5B-4688-B438-7684F430E203}"
EndProject
Project("{2150E333-8FDC-42A3-9474-1A3956D46DE8}") = "Services", "Services", "{5F577DEE-4FAC-4693-8A2B-080BF0479713}"
EndProject
Project("{2150E333-8FDC-42A3-9474-1A3956D46DE8}") = "GoLangServices", "GoLangServices", "{4977D5B0-65A8-4019-AA4D-9A86A590135A}"
EndProject
Project("{FAE04EC0-301F-11D3-BF4B-00C04F79EFBC}") = "Go.Equinox.Api.Service", "Go.Equinox.Api.Service\Go.Equinox.Api.Service.csproj", "{F0D42C85-79B0-42D4-BECD-E1E44C1B857C}"
EndProject
Project("{2150E333-8FDC-42A3-9474-1A3956D46DE8}") = "Gateways", "Gateways", "{BB1024E4-B6AE-468A-9633-D61BB3A83DC5}"
EndProject
Project("{FAE04EC0-301F-11D3-BF4B-00C04F79EFBC}") = "AWS.Equinox.Gateways.GraphQL", "AWS.Equinox.Gateways.GraphQL\AWS.Equinox.Gateways.GraphQL.csproj", "{847BF438-F3FE-4125-8D59-867F22F231E2}"
EndProject
Project("{FAE04EC0-301F-11D3-BF4B-00C04F79EFBC}") = "AWS.Equinox.CrossCutting", "AWS.Equinox.CrossCutting\AWS.Equinox.CrossCutting.csproj", "{304EA353-92D4-4EF0-A68C-A62AF1DCFA95}"
EndProject
Project("{2150E333-8FDC-42A3-9474-1A3956D46DE8}") = "Storage", "Storage", "{2CA71A67-C15A-4274-AAFF-AA7ECBB38E7A}"
EndProject
Project("{FAE04EC0-301F-11D3-BF4B-00C04F79EFBC}") = "AWS.Equinox.Storage.Service", "AWS.Equinox.Storage.Service\AWS.Equinox.Storage.Service.csproj", "{D2E01528-DF04-4FB7-9276-FBCFD1640C8C}"
EndProject
Global
	GlobalSection(SolutionConfigurationPlatforms) = preSolution
		Debug|Any CPU = Debug|Any CPU
		Release|Any CPU = Release|Any CPU
	EndGlobalSection
	GlobalSection(ProjectConfigurationPlatforms) = postSolution
		{686A4139-DE01-4389-BBE0-17C9FCDD4471}.Debug|Any CPU.ActiveCfg = Debug|Any CPU
		{686A4139-DE01-4389-BBE0-17C9FCDD4471}.Debug|Any CPU.Build.0 = Debug|Any CPU
		{686A4139-DE01-4389-BBE0-17C9FCDD4471}.Release|Any CPU.ActiveCfg = Release|Any CPU
		{686A4139-DE01-4389-BBE0-17C9FCDD4471}.Release|Any CPU.Build.0 = Release|Any CPU
		{BB9677E1-3951-442E-BB54-FB961ACC8E98}.Debug|Any CPU.ActiveCfg = Debug|Any CPU
		{BB9677E1-3951-442E-BB54-FB961ACC8E98}.Debug|Any CPU.Build.0 = Debug|Any CPU
		{BB9677E1-3951-442E-BB54-FB961ACC8E98}.Release|Any CPU.ActiveCfg = Release|Any CPU
		{BB9677E1-3951-442E-BB54-FB961ACC8E98}.Release|Any CPU.Build.0 = Release|Any CPU
		{345FAFC5-17CB-4595-9832-2EA4EFC8B00E}.Debug|Any CPU.ActiveCfg = Debug|Any CPU
		{345FAFC5-17CB-4595-9832-2EA4EFC8B00E}.Debug|Any CPU.Build.0 = Debug|Any CPU
		{345FAFC5-17CB-4595-9832-2EA4EFC8B00E}.Release|Any CPU.ActiveCfg = Release|Any CPU
		{345FAFC5-17CB-4595-9832-2EA4EFC8B00E}.Release|Any CPU.Build.0 = Release|Any CPU
		{3628C686-B0CB-4797-88F9-DDAF053A1F80}.Debug|Any CPU.ActiveCfg = Debug|Any CPU
		{3628C686-B0CB-4797-88F9-DDAF053A1F80}.Debug|Any CPU.Build.0 = Debug|Any CPU
		{3628C686-B0CB-4797-88F9-DDAF053A1F80}.Release|Any CPU.ActiveCfg = Release|Any CPU
		{3628C686-B0CB-4797-88F9-DDAF053A1F80}.Release|Any CPU.Build.0 = Release|Any CPU
		{E99F079D-EB5B-4688-B438-7684F430E203}.Debug|Any CPU.ActiveCfg = Debug|Any CPU
		{E99F079D-EB5B-4688-B438-7684F430E203}.Debug|Any CPU.Build.0 = Debug|Any CPU
		{E99F079D-EB5B-4688-B438-7684F430E203}.Release|Any CPU.ActiveCfg = Release|Any CPU
		{E99F079D-EB5B-4688-B438-7684F430E203}.Release|Any CPU.Build.0 = Release|Any CPU
		{F0D42C85-79B0-42D4-BECD-E1E44C1B857C}.Debug|Any CPU.ActiveCfg = Debug|Any CPU
		{F0D42C85-79B0-42D4-BECD-E1E44C1B857C}.Debug|Any CPU.Build.0 = Debug|Any CPU
		{F0D42C85-79B0-42D4-BECD-E1E44C1B857C}.Release|Any CPU.ActiveCfg = Release|Any CPU
		{F0D42C85-79B0-42D4-BECD-E1E44C1B857C}.Release|Any CPU.Build.0 = Release|Any CPU
		{847BF438-F3FE-4125-8D59-867F22F231E2}.Debug|Any CPU.ActiveCfg = Debug|Any CPU
		{847BF438-F3FE-4125-8D59-867F22F231E2}.Debug|Any CPU.Build.0 = Debug|Any CPU
		{847BF438-F3FE-4125-8D59-867F22F231E2}.Release|Any CPU.ActiveCfg = Release|Any CPU
		{847BF438-F3FE-4125-8D59-867F22F231E2}.Release|Any CPU.Build.0 = Release|Any CPU
		{304EA353-92D4-4EF0-A68C-A62AF1DCFA95}.Debug|Any CPU.ActiveCfg = Debug|Any CPU
		{304EA353-92D4-4EF0-A68C-A62AF1DCFA95}.Debug|Any CPU.Build.0 = Debug|Any CPU
		{304EA353-92D4-4EF0-A68C-A62AF1DCFA95}.Release|Any CPU.ActiveCfg = Release|Any CPU
		{304EA353-92D4-4EF0-A68C-A62AF1DCFA95}.Release|Any CPU.Build.0 = Release|Any CPU
		{D2E01528-DF04-4FB7-9276-FBCFD1640C8C}.Debug|Any CPU.ActiveCfg = Debug|Any CPU
		{D2E01528-DF04-4FB7-9276-FBCFD1640C8C}.Debug|Any CPU.Build.0 = Debug|Any CPU
		{D2E01528-DF04-4FB7-9276-FBCFD1640C8C}.Release|Any CPU.ActiveCfg = Release|Any CPU
		{D2E01528-DF04-4FB7-9276-FBCFD1640C8C}.Release|Any CPU.Build.0 = Release|Any CPU
	EndGlobalSection
	GlobalSection(NestedProjects) = preSolution
		{686A4139-DE01-4389-BBE0-17C9FCDD4471} = {51FBE515-1E65-4420-B299-B8BF74A95502}
		{BB9677E1-3951-442E-BB54-FB961ACC8E98} = {51FBE515-1E65-4420-B299-B8BF74A95502}
		{345FAFC5-17CB-4595-9832-2EA4EFC8B00E} = {51FBE515-1E65-4420-B299-B8BF74A95502}
		{3628C686-B0CB-4797-88F9-DDAF053A1F80} = {3C854B37-CBFE-4457-9288-AE4D4D87C15D}
		{E99F079D-EB5B-4688-B438-7684F430E203} = {12804313-C071-4387-9D75-5761A67A4511}
		{4977D5B0-65A8-4019-AA4D-9A86A590135A} = {5F577DEE-4FAC-4693-8A2B-080BF0479713}
		{F0D42C85-79B0-42D4-BECD-E1E44C1B857C} = {4977D5B0-65A8-4019-AA4D-9A86A590135A}
		{847BF438-F3FE-4125-8D59-867F22F231E2} = {BB1024E4-B6AE-468A-9633-D61BB3A83DC5}
		{304EA353-92D4-4EF0-A68C-A62AF1DCFA95} = {12804313-C071-4387-9D75-5761A67A4511}
		{D2E01528-DF04-4FB7-9276-FBCFD1640C8C} = {2CA71A67-C15A-4274-AAFF-AA7ECBB38E7A}
	EndGlobalSection
EndGlobal
